
Microsoft Visual Studio Solution File, Format Version 12.00
Project("{FAE04EC0-301F-11D3-BF4B-00C04F79EFBC}") = "EventSource.Core", "EventSource.Core\EventSource.Core.csproj", "{59C870FE-729A-49FD-B436-EC6482477E63}"
EndProject
Project("{FAE04EC0-301F-11D3-BF4B-00C04F79EFBC}") = "EventSource.Integration.Test", "EventSource.Integration.Test\EventSource.Integration.Test.csproj", "{9EDEBD53-0A31-47C9-AB94-3F7FA029F777}"
EndProject
Project("{FAE04EC0-301F-11D3-BF4B-00C04F79EFBC}") = "EventSource.Application", "EventSource.Application\EventSource.Application.csproj", "{A83950E7-5E6F-41A3-B9CC-3953F5A44ADA}"
EndProject
Project("{FAE04EC0-301F-11D3-BF4B-00C04F79EFBC}") = "EventSource.Infrastructure", "EventSource.Infrastructure\EventSource.Infrastructure.csproj", "{484E8FDB-4966-4057-8ADA-664107FF722E}"
EndProject
Project("{2150E333-8FDC-42A3-9474-1A3956D46DE8}") = "Tests", "Tests", "{F4B7197B-F0AC-4520-9435-C8D6E05B8355}"
EndProject
Project("{FAE04EC0-301F-11D3-BF4B-00C04F79EFBC}") = "EventSource.Core.Unit.Test", "EventSource.Core.Unit.Test\EventSource.Core.Unit.Test.csproj", "{63438195-E743-4BAC-83B0-F924F84D52C8}"
EndProject
Project("{FAE04EC0-301F-11D3-BF4B-00C04F79EFBC}") = "EventSource.Application.Unit.Test", "EventSource.Application.Unit.Test\EventSource.Application.Unit.Test.csproj", "{971A1F2F-1CA9-4A35-A36D-8D5D4F834668}"
EndProject
Global
	GlobalSection(SolutionConfigurationPlatforms) = preSolution
		Debug|Any CPU = Debug|Any CPU
		Release|Any CPU = Release|Any CPU
	EndGlobalSection
	GlobalSection(ProjectConfigurationPlatforms) = postSolution
		{59C870FE-729A-49FD-B436-EC6482477E63}.Debug|Any CPU.ActiveCfg = Debug|Any CPU
		{59C870FE-729A-49FD-B436-EC6482477E63}.Debug|Any CPU.Build.0 = Debug|Any CPU
		{59C870FE-729A-49FD-B436-EC6482477E63}.Release|Any CPU.ActiveCfg = Release|Any CPU
		{59C870FE-729A-49FD-B436-EC6482477E63}.Release|Any CPU.Build.0 = Release|Any CPU
		{9EDEBD53-0A31-47C9-AB94-3F7FA029F777}.Debug|Any CPU.ActiveCfg = Debug|Any CPU
		{9EDEBD53-0A31-47C9-AB94-3F7FA029F777}.Debug|Any CPU.Build.0 = Debug|Any CPU
		{9EDEBD53-0A31-47C9-AB94-3F7FA029F777}.Release|Any CPU.ActiveCfg = Release|Any CPU
		{9EDEBD53-0A31-47C9-AB94-3F7FA029F777}.Release|Any CPU.Build.0 = Release|Any CPU
		{A83950E7-5E6F-41A3-B9CC-3953F5A44ADA}.Debug|Any CPU.ActiveCfg = Debug|Any CPU
		{A83950E7-5E6F-41A3-B9CC-3953F5A44ADA}.Debug|Any CPU.Build.0 = Debug|Any CPU
		{A83950E7-5E6F-41A3-B9CC-3953F5A44ADA}.Release|Any CPU.ActiveCfg = Release|Any CPU
		{A83950E7-5E6F-41A3-B9CC-3953F5A44ADA}.Release|Any CPU.Build.0 = Release|Any CPU
		{484E8FDB-4966-4057-8ADA-664107FF722E}.Debug|Any CPU.ActiveCfg = Debug|Any CPU
		{484E8FDB-4966-4057-8ADA-664107FF722E}.Debug|Any CPU.Build.0 = Debug|Any CPU
		{484E8FDB-4966-4057-8ADA-664107FF722E}.Release|Any CPU.ActiveCfg = Release|Any CPU
		{484E8FDB-4966-4057-8ADA-664107FF722E}.Release|Any CPU.Build.0 = Release|Any CPU
		{63438195-E743-4BAC-83B0-F924F84D52C8}.Debug|Any CPU.ActiveCfg = Debug|Any CPU
		{63438195-E743-4BAC-83B0-F924F84D52C8}.Debug|Any CPU.Build.0 = Debug|Any CPU
		{63438195-E743-4BAC-83B0-F924F84D52C8}.Release|Any CPU.ActiveCfg = Release|Any CPU
		{63438195-E743-4BAC-83B0-F924F84D52C8}.Release|Any CPU.Build.0 = Release|Any CPU
		{971A1F2F-1CA9-4A35-A36D-8D5D4F834668}.Debug|Any CPU.ActiveCfg = Debug|Any CPU
		{971A1F2F-1CA9-4A35-A36D-8D5D4F834668}.Debug|Any CPU.Build.0 = Debug|Any CPU
		{971A1F2F-1CA9-4A35-A36D-8D5D4F834668}.Release|Any CPU.ActiveCfg = Release|Any CPU
		{971A1F2F-1CA9-4A35-A36D-8D5D4F834668}.Release|Any CPU.Build.0 = Release|Any CPU
	EndGlobalSection
	GlobalSection(NestedProjects) = preSolution
		{9EDEBD53-0A31-47C9-AB94-3F7FA029F777} = {F4B7197B-F0AC-4520-9435-C8D6E05B8355}
		{63438195-E743-4BAC-83B0-F924F84D52C8} = {F4B7197B-F0AC-4520-9435-C8D6E05B8355}
		{971A1F2F-1CA9-4A35-A36D-8D5D4F834668} = {F4B7197B-F0AC-4520-9435-C8D6E05B8355}
	EndGlobalSection
EndGlobal
